
Microsoft Visual Studio Solution File, Format Version 12.00
# Visual Studio Version 17
VisualStudioVersion = 17.11.35312.102
MinimumVisualStudioVersion = 10.0.40219.1
Project("{FAE04EC0-301F-11D3-BF4B-00C04F79EFBC}") = "RestaurantManager", "RestaurantManager\RestaurantManager.csproj", "{9BEAB8F6-5077-46C8-868E-88DCA6F9E369}"
EndProject
Global
	GlobalSection(SolutionConfigurationPlatforms) = preSolution
		Debug|Any CPU = Debug|Any CPU
		Release|Any CPU = Release|Any CPU
	EndGlobalSection
	GlobalSection(ProjectConfigurationPlatforms) = postSolution
		{9BEAB8F6-5077-46C8-868E-88DCA6F9E369}.Debug|Any CPU.ActiveCfg = Debug|Any CPU
		{9BEAB8F6-5077-46C8-868E-88DCA6F9E369}.Debug|Any CPU.Build.0 = Debug|Any CPU
		{9BEAB8F6-5077-46C8-868E-88DCA6F9E369}.Release|Any CPU.ActiveCfg = Release|Any CPU
		{9BEAB8F6-5077-46C8-868E-88DCA6F9E369}.Release|Any CPU.Build.0 = Release|Any CPU
	EndGlobalSection
	GlobalSection(SolutionProperties) = preSolution
		HideSolutionNode = FALSE
	EndGlobalSection
	GlobalSection(ExtensibilityGlobals) = postSolution
		SolutionGuid = {A9197501-DE9B-465E-B7EA-57E83B233E61}
	EndGlobalSection
EndGlobal
